
Microsoft Visual Studio Solution File, Format Version 12.00
# Visual Studio 15
VisualStudioVersion = 15.0.28307.136
MinimumVisualStudioVersion = 10.0.40219.1
Project("{FAE04EC0-301F-11D3-BF4B-00C04F79EFBC}") = "Helezon.FollowMe.Core", "Helezon.FollowMe.Core\Helezon.FollowMe.Core.csproj", "{41F8E63F-3562-4046-AD2B-0CA8DEFF0CC8}"
EndProject
Project("{FAE04EC0-301F-11D3-BF4B-00C04F79EFBC}") = "Helezon.FollowMe.WebUI", "Helezon.FollowMe.WebUI\Helezon.FollowMe.WebUI.csproj", "{D410487A-4B16-4AA0-9C3F-D225B32F9F33}"
EndProject
Project("{FAE04EC0-301F-11D3-BF4B-00C04F79EFBC}") = "Helezon.FollowMe.Repository.Pattern", "Helezon.FollowMe.Repository.Pattern\Helezon.FollowMe.Repository.Pattern.csproj", "{31674236-C4F3-401B-9D26-E59715A27B83}"
EndProject
Project("{FAE04EC0-301F-11D3-BF4B-00C04F79EFBC}") = "Helezon.FollowMe.Repository.Pattern.Ef6", "Helezon.FollowMe.Repository.Pattern.Ef6\Helezon.FollowMe.Repository.Pattern.Ef6.csproj", "{51901D12-4980-40D7-BC9F-03DA365421EA}"
EndProject
Project("{FAE04EC0-301F-11D3-BF4B-00C04F79EFBC}") = "Helezon.FollowMe.Service.Pattern", "Helezon.FollowMe.Service.Pattern\Helezon.FollowMe.Service.Pattern.csproj", "{A2EFFB3B-665F-4539-B1AC-02C389A3F726}"
EndProject
Project("{FAE04EC0-301F-11D3-BF4B-00C04F79EFBC}") = "Helezon.FollowMe.Entities", "Helezon.FollowMe.Entities\Helezon.FollowMe.Entities.csproj", "{59589202-F93D-48A9-80FE-F507C0596F36}"
EndProject
Project("{FAE04EC0-301F-11D3-BF4B-00C04F79EFBC}") = "Helezon.FollowMe.Service", "Helezon.FollowMe.Service\Helezon.FollowMe.Service.csproj", "{3A75C615-57F9-49FA-81CC-00D3C12799BC}"
EndProject
Project("{FAE04EC0-301F-11D3-BF4B-00C04F79EFBC}") = "Helezon.FollowMe.Repository", "Helezon.FollowMe.Repository\Helezon.FollowMe.Repository.csproj", "{BD4F3ED9-FD68-4878-BB7B-718EC239C351}"
EndProject
Global
	GlobalSection(SolutionConfigurationPlatforms) = preSolution
		Debug|Any CPU = Debug|Any CPU
		Release|Any CPU = Release|Any CPU
	EndGlobalSection
	GlobalSection(ProjectConfigurationPlatforms) = postSolution
		{41F8E63F-3562-4046-AD2B-0CA8DEFF0CC8}.Debug|Any CPU.ActiveCfg = Debug|Any CPU
		{41F8E63F-3562-4046-AD2B-0CA8DEFF0CC8}.Debug|Any CPU.Build.0 = Debug|Any CPU
		{41F8E63F-3562-4046-AD2B-0CA8DEFF0CC8}.Release|Any CPU.ActiveCfg = Release|Any CPU
		{41F8E63F-3562-4046-AD2B-0CA8DEFF0CC8}.Release|Any CPU.Build.0 = Release|Any CPU
		{D410487A-4B16-4AA0-9C3F-D225B32F9F33}.Debug|Any CPU.ActiveCfg = Debug|Any CPU
		{D410487A-4B16-4AA0-9C3F-D225B32F9F33}.Debug|Any CPU.Build.0 = Debug|Any CPU
		{D410487A-4B16-4AA0-9C3F-D225B32F9F33}.Release|Any CPU.ActiveCfg = Release|Any CPU
		{D410487A-4B16-4AA0-9C3F-D225B32F9F33}.Release|Any CPU.Build.0 = Release|Any CPU
		{31674236-C4F3-401B-9D26-E59715A27B83}.Debug|Any CPU.ActiveCfg = Debug|Any CPU
		{31674236-C4F3-401B-9D26-E59715A27B83}.Debug|Any CPU.Build.0 = Debug|Any CPU
		{31674236-C4F3-401B-9D26-E59715A27B83}.Release|Any CPU.ActiveCfg = Release|Any CPU
		{31674236-C4F3-401B-9D26-E59715A27B83}.Release|Any CPU.Build.0 = Release|Any CPU
		{51901D12-4980-40D7-BC9F-03DA365421EA}.Debug|Any CPU.ActiveCfg = Debug|Any CPU
		{51901D12-4980-40D7-BC9F-03DA365421EA}.Debug|Any CPU.Build.0 = Debug|Any CPU
		{51901D12-4980-40D7-BC9F-03DA365421EA}.Release|Any CPU.ActiveCfg = Release|Any CPU
		{51901D12-4980-40D7-BC9F-03DA365421EA}.Release|Any CPU.Build.0 = Release|Any CPU
		{A2EFFB3B-665F-4539-B1AC-02C389A3F726}.Debug|Any CPU.ActiveCfg = Debug|Any CPU
		{A2EFFB3B-665F-4539-B1AC-02C389A3F726}.Debug|Any CPU.Build.0 = Debug|Any CPU
		{A2EFFB3B-665F-4539-B1AC-02C389A3F726}.Release|Any CPU.ActiveCfg = Release|Any CPU
		{A2EFFB3B-665F-4539-B1AC-02C389A3F726}.Release|Any CPU.Build.0 = Release|Any CPU
		{59589202-F93D-48A9-80FE-F507C0596F36}.Debug|Any CPU.ActiveCfg = Debug|Any CPU
		{59589202-F93D-48A9-80FE-F507C0596F36}.Debug|Any CPU.Build.0 = Debug|Any CPU
		{59589202-F93D-48A9-80FE-F507C0596F36}.Release|Any CPU.ActiveCfg = Release|Any CPU
		{59589202-F93D-48A9-80FE-F507C0596F36}.Release|Any CPU.Build.0 = Release|Any CPU
		{3A75C615-57F9-49FA-81CC-00D3C12799BC}.Debug|Any CPU.ActiveCfg = Debug|Any CPU
		{3A75C615-57F9-49FA-81CC-00D3C12799BC}.Debug|Any CPU.Build.0 = Debug|Any CPU
		{3A75C615-57F9-49FA-81CC-00D3C12799BC}.Release|Any CPU.ActiveCfg = Release|Any CPU
		{3A75C615-57F9-49FA-81CC-00D3C12799BC}.Release|Any CPU.Build.0 = Release|Any CPU
		{BD4F3ED9-FD68-4878-BB7B-718EC239C351}.Debug|Any CPU.ActiveCfg = Debug|Any CPU
		{BD4F3ED9-FD68-4878-BB7B-718EC239C351}.Debug|Any CPU.Build.0 = Debug|Any CPU
		{BD4F3ED9-FD68-4878-BB7B-718EC239C351}.Release|Any CPU.ActiveCfg = Release|Any CPU
		{BD4F3ED9-FD68-4878-BB7B-718EC239C351}.Release|Any CPU.Build.0 = Release|Any CPU
	EndGlobalSection
	GlobalSection(SolutionProperties) = preSolution
		HideSolutionNode = FALSE
	EndGlobalSection
	GlobalSection(ExtensibilityGlobals) = postSolution
		SolutionGuid = {529D341B-9A00-47DD-9C23-2FD6C26617F6}
	EndGlobalSection
EndGlobal
